// !$*UTF8*$!
{
	archiveVersion = 1;
	classes = {
	};
	objectVersion = 50;
	objects = {

/* Begin PBXBuildFile section */
		E547EC5520B2B910009B090B /* CGImagePropertyOrientation+UIImageOrientation.swift in Sources */ = {isa = PBXBuildFile; fileRef = E547EC5420B2B90F009B090B /* CGImagePropertyOrientation+UIImageOrientation.swift */; };
		E547EC5720B2B917009B090B /* ImageClassificationViewController.swift in Sources */ = {isa = PBXBuildFile; fileRef = E547EC5620B2B917009B090B /* ImageClassificationViewController.swift */; };
		E547EC6320B2D6BD009B090B /* noImage.png in Resources */ = {isa = PBXBuildFile; fileRef = E547EC6220B2D6BD009B090B /* noImage.png */; };
		E577855420BEEF5D0033DC18 /* FMDatabaseQueue.m in Sources */ = {isa = PBXBuildFile; fileRef = E577854A20BEEF5B0033DC18 /* FMDatabaseQueue.m */; };
		E577855520BEEF5D0033DC18 /* FMDatabaseAdditions.m in Sources */ = {isa = PBXBuildFile; fileRef = E577854D20BEEF5C0033DC18 /* FMDatabaseAdditions.m */; };
		E577855620BEEF5D0033DC18 /* FMDatabase.m in Sources */ = {isa = PBXBuildFile; fileRef = E577854E20BEEF5C0033DC18 /* FMDatabase.m */; };
		E577855720BEEF5D0033DC18 /* FMResultSet.m in Sources */ = {isa = PBXBuildFile; fileRef = E577855020BEEF5C0033DC18 /* FMResultSet.m */; };
		E577855820BEEF5D0033DC18 /* FMDatabasePool.m in Sources */ = {isa = PBXBuildFile; fileRef = E577855320BEEF5D0033DC18 /* FMDatabasePool.m */; };
		E577855B20BEEF780033DC18 /* libsqlite3.tbd in Frameworks */ = {isa = PBXBuildFile; fileRef = E577855A20BEEF780033DC18 /* libsqlite3.tbd */; };
		E577856020BFD51D0033DC18 /* ARInfoViewController.swift in Sources */ = {isa = PBXBuildFile; fileRef = E577855F20BFD51D0033DC18 /* ARInfoViewController.swift */; };
		E577857620BFE74F0033DC18 /* benz_gls.png in Resources */ = {isa = PBXBuildFile; fileRef = E577856620BFE74B0033DC18 /* benz_gls.png */; };
		E577857720BFE74F0033DC18 /* mini_countryman.png in Resources */ = {isa = PBXBuildFile; fileRef = E577856720BFE74B0033DC18 /* mini_countryman.png */; };
		E577857820BFE74F0033DC18 /* benz_eclass.png in Resources */ = {isa = PBXBuildFile; fileRef = E577856820BFE74C0033DC18 /* benz_eclass.png */; };
		E577857920BFE74F0033DC18 /* kia_k9.png in Resources */ = {isa = PBXBuildFile; fileRef = E577856920BFE74C0033DC18 /* kia_k9.png */; };
		E577857A20BFE74F0033DC18 /* volkswagen_passat.png in Resources */ = {isa = PBXBuildFile; fileRef = E577856A20BFE74C0033DC18 /* volkswagen_passat.png */; };
		E577857B20BFE74F0033DC18 /* audi_a6.png in Resources */ = {isa = PBXBuildFile; fileRef = E577856B20BFE74D0033DC18 /* audi_a6.png */; };
		E577857C20BFE74F0033DC18 /* bmw_i3.png in Resources */ = {isa = PBXBuildFile; fileRef = E577856C20BFE74D0033DC18 /* bmw_i3.png */; };
		E577857D20BFE74F0033DC18 /* toyota_sienna.png in Resources */ = {isa = PBXBuildFile; fileRef = E577856D20BFE74D0033DC18 /* toyota_sienna.png */; };
		E577857E20BFE74F0033DC18 /* volkswagen_tiguan.png in Resources */ = {isa = PBXBuildFile; fileRef = E577856E20BFE74D0033DC18 /* volkswagen_tiguan.png */; };
		E577857F20BFE74F0033DC18 /* kia_allnewmorning.png in Resources */ = {isa = PBXBuildFile; fileRef = E577856F20BFE74D0033DC18 /* kia_allnewmorning.png */; };
		E577858020BFE74F0033DC18 /* toyota_camry.png in Resources */ = {isa = PBXBuildFile; fileRef = E577857020BFE74E0033DC18 /* toyota_camry.png */; };
		E577858120BFE74F0033DC18 /* hyundai_kona.png in Resources */ = {isa = PBXBuildFile; fileRef = E577857120BFE74E0033DC18 /* hyundai_kona.png */; };
		E577858220BFE74F0033DC18 /* bmw_i8.png in Resources */ = {isa = PBXBuildFile; fileRef = E577857220BFE74E0033DC18 /* bmw_i8.png */; };
		E577858320BFE74F0033DC18 /* hyundai_veloster.png in Resources */ = {isa = PBXBuildFile; fileRef = E577857320BFE74F0033DC18 /* hyundai_veloster.png */; };
		E577858420BFE74F0033DC18 /* mini_hatch.png in Resources */ = {isa = PBXBuildFile; fileRef = E577857420BFE74F0033DC18 /* mini_hatch.png */; };
		E577858520BFE74F0033DC18 /* audi_q7.png in Resources */ = {isa = PBXBuildFile; fileRef = E577857520BFE74F0033DC18 /* audi_q7.png */; };
		E577858920BFF33D0033DC18 /* carinfo.png in Resources */ = {isa = PBXBuildFile; fileRef = E577858820BFF33D0033DC18 /* carinfo.png */; };
		E577858B20C005DE0033DC18 /* DataController.swift in Sources */ = {isa = PBXBuildFile; fileRef = E577858A20C005DE0033DC18 /* DataController.swift */; };
		E577858D20C032D90033DC18 /* cars.db in Resources */ = {isa = PBXBuildFile; fileRef = E577858C20C032AA0033DC18 /* cars.db */; };
		E57C227E20B3068000A9ADB0 /* ARViewController.swift in Sources */ = {isa = PBXBuildFile; fileRef = E57C227D20B3068000A9ADB0 /* ARViewController.swift */; };
		E57C228020B3077500A9ADB0 /* StatusViewController.swift in Sources */ = {isa = PBXBuildFile; fileRef = E57C227F20B3077500A9ADB0 /* StatusViewController.swift */; };
		E57C228520B30A3F00A9ADB0 /* TemplateLabelNode.swift in Sources */ = {isa = PBXBuildFile; fileRef = E57C228220B30A3F00A9ADB0 /* TemplateLabelNode.swift */; };
		E57C228620B30A3F00A9ADB0 /* Utilities.swift in Sources */ = {isa = PBXBuildFile; fileRef = E57C228320B30A3F00A9ADB0 /* Utilities.swift */; };
		E57C228720B30A3F00A9ADB0 /* LabelScene.sks in Resources */ = {isa = PBXBuildFile; fileRef = E57C228420B30A3F00A9ADB0 /* LabelScene.sks */; };
		E5959E5720BD67530079E700 /* OurCars.mlmodel in Sources */ = {isa = PBXBuildFile; fileRef = E5959E5620BD67520079E700 /* OurCars.mlmodel */; };
		E5F8E1AD20AE9EAD00D5FC18 /* AppDelegate.swift in Sources */ = {isa = PBXBuildFile; fileRef = E5F8E1AC20AE9EAD00D5FC18 /* AppDelegate.swift */; };
		E5F8E1AF20AE9EAD00D5FC18 /* ViewController.swift in Sources */ = {isa = PBXBuildFile; fileRef = E5F8E1AE20AE9EAD00D5FC18 /* ViewController.swift */; };
		E5F8E1B220AE9EAD00D5FC18 /* Main.storyboard in Resources */ = {isa = PBXBuildFile; fileRef = E5F8E1B020AE9EAD00D5FC18 /* Main.storyboard */; };
		E5F8E1B420AE9EAE00D5FC18 /* Assets.xcassets in Resources */ = {isa = PBXBuildFile; fileRef = E5F8E1B320AE9EAE00D5FC18 /* Assets.xcassets */; };
		E5F8E1B720AE9EAE00D5FC18 /* LaunchScreen.storyboard in Resources */ = {isa = PBXBuildFile; fileRef = E5F8E1B520AE9EAE00D5FC18 /* LaunchScreen.storyboard */; };
		E5F8E1C220AE9EAE00D5FC18 /* carcarTests.swift in Sources */ = {isa = PBXBuildFile; fileRef = E5F8E1C120AE9EAE00D5FC18 /* carcarTests.swift */; };
		E5F8E1CE20AE9F2000D5FC18 /* home.png in Resources */ = {isa = PBXBuildFile; fileRef = E5F8E1CD20AE9F2000D5FC18 /* home.png */; };
		E5F8E1D020AE9F4A00D5FC18 /* UIButton.swift in Sources */ = {isa = PBXBuildFile; fileRef = E5F8E1CF20AE9F4A00D5FC18 /* UIButton.swift */; };
/* End PBXBuildFile section */

/* Begin PBXContainerItemProxy section */
		E5F8E1BE20AE9EAE00D5FC18 /* PBXContainerItemProxy */ = {
			isa = PBXContainerItemProxy;
			containerPortal = E5F8E1A120AE9EAD00D5FC18 /* Project object */;
			proxyType = 1;
			remoteGlobalIDString = E5F8E1A820AE9EAD00D5FC18;
			remoteInfo = carcar;
		};
/* End PBXContainerItemProxy section */

/* Begin PBXFileReference section */
		E547EC5420B2B90F009B090B /* CGImagePropertyOrientation+UIImageOrientation.swift */ = {isa = PBXFileReference; fileEncoding = 4; lastKnownFileType = sourcecode.swift; path = "CGImagePropertyOrientation+UIImageOrientation.swift"; sourceTree = "<group>"; };
		E547EC5620B2B917009B090B /* ImageClassificationViewController.swift */ = {isa = PBXFileReference; fileEncoding = 4; lastKnownFileType = sourcecode.swift; path = ImageClassificationViewController.swift; sourceTree = "<group>"; };
		E547EC6220B2D6BD009B090B /* noImage.png */ = {isa = PBXFileReference; lastKnownFileType = image.png; path = noImage.png; sourceTree = "<group>"; };
		E577854820BEEF5A0033DC18 /* carcar-Bridging-Header.h */ = {isa = PBXFileReference; lastKnownFileType = sourcecode.c.h; path = "carcar-Bridging-Header.h"; sourceTree = "<group>"; };
		E577854920BEEF5B0033DC18 /* FMDatabase.h */ = {isa = PBXFileReference; fileEncoding = 4; lastKnownFileType = sourcecode.c.h; path = FMDatabase.h; sourceTree = "<group>"; };
		E577854A20BEEF5B0033DC18 /* FMDatabaseQueue.m */ = {isa = PBXFileReference; fileEncoding = 4; lastKnownFileType = sourcecode.c.objc; path = FMDatabaseQueue.m; sourceTree = "<group>"; };
		E577854B20BEEF5C0033DC18 /* FMDB.h */ = {isa = PBXFileReference; fileEncoding = 4; lastKnownFileType = sourcecode.c.h; path = FMDB.h; sourceTree = "<group>"; };
		E577854C20BEEF5C0033DC18 /* FMResultSet.h */ = {isa = PBXFileReference; fileEncoding = 4; lastKnownFileType = sourcecode.c.h; path = FMResultSet.h; sourceTree = "<group>"; };
		E577854D20BEEF5C0033DC18 /* FMDatabaseAdditions.m */ = {isa = PBXFileReference; fileEncoding = 4; lastKnownFileType = sourcecode.c.objc; path = FMDatabaseAdditions.m; sourceTree = "<group>"; };
		E577854E20BEEF5C0033DC18 /* FMDatabase.m */ = {isa = PBXFileReference; fileEncoding = 4; lastKnownFileType = sourcecode.c.objc; path = FMDatabase.m; sourceTree = "<group>"; };
		E577854F20BEEF5C0033DC18 /* FMDatabaseQueue.h */ = {isa = PBXFileReference; fileEncoding = 4; lastKnownFileType = sourcecode.c.h; path = FMDatabaseQueue.h; sourceTree = "<group>"; };
		E577855020BEEF5C0033DC18 /* FMResultSet.m */ = {isa = PBXFileReference; fileEncoding = 4; lastKnownFileType = sourcecode.c.objc; path = FMResultSet.m; sourceTree = "<group>"; };
		E577855120BEEF5C0033DC18 /* FMDatabaseAdditions.h */ = {isa = PBXFileReference; fileEncoding = 4; lastKnownFileType = sourcecode.c.h; path = FMDatabaseAdditions.h; sourceTree = "<group>"; };
		E577855220BEEF5D0033DC18 /* FMDatabasePool.h */ = {isa = PBXFileReference; fileEncoding = 4; lastKnownFileType = sourcecode.c.h; path = FMDatabasePool.h; sourceTree = "<group>"; };
		E577855320BEEF5D0033DC18 /* FMDatabasePool.m */ = {isa = PBXFileReference; fileEncoding = 4; lastKnownFileType = sourcecode.c.objc; path = FMDatabasePool.m; sourceTree = "<group>"; };
		E577855A20BEEF780033DC18 /* libsqlite3.tbd */ = {isa = PBXFileReference; lastKnownFileType = "sourcecode.text-based-dylib-definition"; name = libsqlite3.tbd; path = usr/lib/libsqlite3.tbd; sourceTree = SDKROOT; };
		E577855F20BFD51D0033DC18 /* ARInfoViewController.swift */ = {isa = PBXFileReference; lastKnownFileType = sourcecode.swift; path = ARInfoViewController.swift; sourceTree = "<group>"; };
		E577856620BFE74B0033DC18 /* benz_gls.png */ = {isa = PBXFileReference; lastKnownFileType = image.png; path = benz_gls.png; sourceTree = "<group>"; };
		E577856720BFE74B0033DC18 /* mini_countryman.png */ = {isa = PBXFileReference; lastKnownFileType = image.png; path = mini_countryman.png; sourceTree = "<group>"; };
		E577856820BFE74C0033DC18 /* benz_eclass.png */ = {isa = PBXFileReference; lastKnownFileType = image.png; path = benz_eclass.png; sourceTree = "<group>"; };
		E577856920BFE74C0033DC18 /* kia_k9.png */ = {isa = PBXFileReference; lastKnownFileType = image.png; path = kia_k9.png; sourceTree = "<group>"; };
		E577856A20BFE74C0033DC18 /* volkswagen_passat.png */ = {isa = PBXFileReference; lastKnownFileType = image.png; path = volkswagen_passat.png; sourceTree = "<group>"; };
		E577856B20BFE74D0033DC18 /* audi_a6.png */ = {isa = PBXFileReference; lastKnownFileType = image.png; path = audi_a6.png; sourceTree = "<group>"; };
		E577856C20BFE74D0033DC18 /* bmw_i3.png */ = {isa = PBXFileReference; lastKnownFileType = image.png; path = bmw_i3.png; sourceTree = "<group>"; };
		E577856D20BFE74D0033DC18 /* toyota_sienna.png */ = {isa = PBXFileReference; lastKnownFileType = image.png; path = toyota_sienna.png; sourceTree = "<group>"; };
		E577856E20BFE74D0033DC18 /* volkswagen_tiguan.png */ = {isa = PBXFileReference; lastKnownFileType = image.png; path = volkswagen_tiguan.png; sourceTree = "<group>"; };
		E577856F20BFE74D0033DC18 /* kia_allnewmorning.png */ = {isa = PBXFileReference; lastKnownFileType = image.png; path = kia_allnewmorning.png; sourceTree = "<group>"; };
		E577857020BFE74E0033DC18 /* toyota_camry.png */ = {isa = PBXFileReference; lastKnownFileType = image.png; path = toyota_camry.png; sourceTree = "<group>"; };
		E577857120BFE74E0033DC18 /* hyundai_kona.png */ = {isa = PBXFileReference; lastKnownFileType = image.png; path = hyundai_kona.png; sourceTree = "<group>"; };
		E577857220BFE74E0033DC18 /* bmw_i8.png */ = {isa = PBXFileReference; lastKnownFileType = image.png; path = bmw_i8.png; sourceTree = "<group>"; };
		E577857320BFE74F0033DC18 /* hyundai_veloster.png */ = {isa = PBXFileReference; lastKnownFileType = image.png; path = hyundai_veloster.png; sourceTree = "<group>"; };
		E577857420BFE74F0033DC18 /* mini_hatch.png */ = {isa = PBXFileReference; lastKnownFileType = image.png; path = mini_hatch.png; sourceTree = "<group>"; };
		E577857520BFE74F0033DC18 /* audi_q7.png */ = {isa = PBXFileReference; lastKnownFileType = image.png; path = audi_q7.png; sourceTree = "<group>"; };
		E577858820BFF33D0033DC18 /* carinfo.png */ = {isa = PBXFileReference; lastKnownFileType = image.png; path = carinfo.png; sourceTree = "<group>"; };
		E577858A20C005DE0033DC18 /* DataController.swift */ = {isa = PBXFileReference; fileEncoding = 4; lastKnownFileType = sourcecode.swift; path = DataController.swift; sourceTree = "<group>"; };
		E577858C20C032AA0033DC18 /* cars.db */ = {isa = PBXFileReference; lastKnownFileType = file; path = cars.db; sourceTree = "<group>"; };
		E57C227D20B3068000A9ADB0 /* ARViewController.swift */ = {isa = PBXFileReference; lastKnownFileType = sourcecode.swift; path = ARViewController.swift; sourceTree = "<group>"; };
		E57C227F20B3077500A9ADB0 /* StatusViewController.swift */ = {isa = PBXFileReference; lastKnownFileType = sourcecode.swift; path = StatusViewController.swift; sourceTree = "<group>"; };
		E57C228220B30A3F00A9ADB0 /* TemplateLabelNode.swift */ = {isa = PBXFileReference; fileEncoding = 4; lastKnownFileType = sourcecode.swift; path = TemplateLabelNode.swift; sourceTree = "<group>"; };
		E57C228320B30A3F00A9ADB0 /* Utilities.swift */ = {isa = PBXFileReference; fileEncoding = 4; lastKnownFileType = sourcecode.swift; path = Utilities.swift; sourceTree = "<group>"; };
		E57C228420B30A3F00A9ADB0 /* LabelScene.sks */ = {isa = PBXFileReference; lastKnownFileType = file.sks; path = LabelScene.sks; sourceTree = "<group>"; };
		E5959E5620BD67520079E700 /* OurCars.mlmodel */ = {isa = PBXFileReference; lastKnownFileType = file.mlmodel; path = OurCars.mlmodel; sourceTree = "<group>"; };
		E5F8E1A920AE9EAD00D5FC18 /* carcar.app */ = {isa = PBXFileReference; explicitFileType = wrapper.application; includeInIndex = 0; path = carcar.app; sourceTree = BUILT_PRODUCTS_DIR; };
		E5F8E1AC20AE9EAD00D5FC18 /* AppDelegate.swift */ = {isa = PBXFileReference; lastKnownFileType = sourcecode.swift; path = AppDelegate.swift; sourceTree = "<group>"; };
		E5F8E1AE20AE9EAD00D5FC18 /* ViewController.swift */ = {isa = PBXFileReference; lastKnownFileType = sourcecode.swift; path = ViewController.swift; sourceTree = "<group>"; };
		E5F8E1B120AE9EAD00D5FC18 /* Base */ = {isa = PBXFileReference; lastKnownFileType = file.storyboard; name = Base; path = Base.lproj/Main.storyboard; sourceTree = "<group>"; };
		E5F8E1B320AE9EAE00D5FC18 /* Assets.xcassets */ = {isa = PBXFileReference; lastKnownFileType = folder.assetcatalog; path = Assets.xcassets; sourceTree = "<group>"; };
		E5F8E1B620AE9EAE00D5FC18 /* Base */ = {isa = PBXFileReference; lastKnownFileType = file.storyboard; name = Base; path = Base.lproj/LaunchScreen.storyboard; sourceTree = "<group>"; };
		E5F8E1B820AE9EAE00D5FC18 /* Info.plist */ = {isa = PBXFileReference; lastKnownFileType = text.plist.xml; path = Info.plist; sourceTree = "<group>"; };
		E5F8E1BD20AE9EAE00D5FC18 /* carcarTests.xctest */ = {isa = PBXFileReference; explicitFileType = wrapper.cfbundle; includeInIndex = 0; path = carcarTests.xctest; sourceTree = BUILT_PRODUCTS_DIR; };
		E5F8E1C120AE9EAE00D5FC18 /* carcarTests.swift */ = {isa = PBXFileReference; lastKnownFileType = sourcecode.swift; path = carcarTests.swift; sourceTree = "<group>"; };
		E5F8E1C320AE9EAE00D5FC18 /* Info.plist */ = {isa = PBXFileReference; lastKnownFileType = text.plist.xml; path = Info.plist; sourceTree = "<group>"; };
		E5F8E1CD20AE9F2000D5FC18 /* home.png */ = {isa = PBXFileReference; lastKnownFileType = image.png; path = home.png; sourceTree = "<group>"; };
		E5F8E1CF20AE9F4A00D5FC18 /* UIButton.swift */ = {isa = PBXFileReference; lastKnownFileType = sourcecode.swift; path = UIButton.swift; sourceTree = "<group>"; };
/* End PBXFileReference section */

/* Begin PBXFrameworksBuildPhase section */
		E5F8E1A620AE9EAD00D5FC18 /* Frameworks */ = {
			isa = PBXFrameworksBuildPhase;
			buildActionMask = 2147483647;
			files = (
				E577855B20BEEF780033DC18 /* libsqlite3.tbd in Frameworks */,
			);
			runOnlyForDeploymentPostprocessing = 0;
		};
		E5F8E1BA20AE9EAE00D5FC18 /* Frameworks */ = {
			isa = PBXFrameworksBuildPhase;
			buildActionMask = 2147483647;
			files = (
			);
			runOnlyForDeploymentPostprocessing = 0;
		};
/* End PBXFrameworksBuildPhase section */

/* Begin PBXGroup section */
		E577854720BEEF0E0033DC18 /* db */ = {
			isa = PBXGroup;
			children = (
				E577854920BEEF5B0033DC18 /* FMDatabase.h */,
				E577854E20BEEF5C0033DC18 /* FMDatabase.m */,
				E577855120BEEF5C0033DC18 /* FMDatabaseAdditions.h */,
				E577854D20BEEF5C0033DC18 /* FMDatabaseAdditions.m */,
				E577855220BEEF5D0033DC18 /* FMDatabasePool.h */,
				E577855320BEEF5D0033DC18 /* FMDatabasePool.m */,
				E577854F20BEEF5C0033DC18 /* FMDatabaseQueue.h */,
				E577854A20BEEF5B0033DC18 /* FMDatabaseQueue.m */,
				E577854B20BEEF5C0033DC18 /* FMDB.h */,
				E577854C20BEEF5C0033DC18 /* FMResultSet.h */,
				E577855020BEEF5C0033DC18 /* FMResultSet.m */,
				E577854820BEEF5A0033DC18 /* carcar-Bridging-Header.h */,
			);
			path = db;
			sourceTree = "<group>";
		};
		E577855920BEEF780033DC18 /* Frameworks */ = {
			isa = PBXGroup;
			children = (
				E577855A20BEEF780033DC18 /* libsqlite3.tbd */,
			);
			name = Frameworks;
			sourceTree = "<group>";
		};
		E577856520BFE7030033DC18 /* carthumbnail */ = {
			isa = PBXGroup;
			children = (
				E577856B20BFE74D0033DC18 /* audi_a6.png */,
				E577857520BFE74F0033DC18 /* audi_q7.png */,
				E577856820BFE74C0033DC18 /* benz_eclass.png */,
				E577856620BFE74B0033DC18 /* benz_gls.png */,
				E577856C20BFE74D0033DC18 /* bmw_i3.png */,
				E577857220BFE74E0033DC18 /* bmw_i8.png */,
				E577857120BFE74E0033DC18 /* hyundai_kona.png */,
				E577857320BFE74F0033DC18 /* hyundai_veloster.png */,
				E577856F20BFE74D0033DC18 /* kia_allnewmorning.png */,
				E577856920BFE74C0033DC18 /* kia_k9.png */,
				E577856720BFE74B0033DC18 /* mini_countryman.png */,
				E577857420BFE74F0033DC18 /* mini_hatch.png */,
				E577857020BFE74E0033DC18 /* toyota_camry.png */,
				E577856D20BFE74D0033DC18 /* toyota_sienna.png */,
				E577856A20BFE74C0033DC18 /* volkswagen_passat.png */,
				E577856E20BFE74D0033DC18 /* volkswagen_tiguan.png */,
			);
			path = carthumbnail;
			sourceTree = "<group>";
		};
		E57C228120B3099800A9ADB0 /* AR Files */ = {
			isa = PBXGroup;
			children = (
				E57C228420B30A3F00A9ADB0 /* LabelScene.sks */,
				E57C228220B30A3F00A9ADB0 /* TemplateLabelNode.swift */,
				E57C228320B30A3F00A9ADB0 /* Utilities.swift */,
			);
			path = "AR Files";
			sourceTree = "<group>";
		};
		E5F8E1A020AE9EAD00D5FC18 = {
			isa = PBXGroup;
			children = (
				E5F8E1AB20AE9EAD00D5FC18 /* carcar */,
				E5F8E1C020AE9EAE00D5FC18 /* carcarTests */,
				E5F8E1AA20AE9EAD00D5FC18 /* Products */,
				E577855920BEEF780033DC18 /* Frameworks */,
			);
			sourceTree = "<group>";
		};
		E5F8E1AA20AE9EAD00D5FC18 /* Products */ = {
			isa = PBXGroup;
			children = (
				E5F8E1A920AE9EAD00D5FC18 /* carcar.app */,
				E5F8E1BD20AE9EAE00D5FC18 /* carcarTests.xctest */,
			);
			name = Products;
			sourceTree = "<group>";
		};
		E5F8E1AB20AE9EAD00D5FC18 /* carcar */ = {
			isa = PBXGroup;
			children = (
				E577858C20C032AA0033DC18 /* cars.db */,
				E577854720BEEF0E0033DC18 /* db */,
				E5F8E1CC20AE9F2000D5FC18 /* Supporting Files */,
				E57C228120B3099800A9ADB0 /* AR Files */,
				E5F8E1AC20AE9EAD00D5FC18 /* AppDelegate.swift */,
				E5F8E1AE20AE9EAD00D5FC18 /* ViewController.swift */,
				E5F8E1CF20AE9F4A00D5FC18 /* UIButton.swift */,
				E547EC5620B2B917009B090B /* ImageClassificationViewController.swift */,
				E547EC5420B2B90F009B090B /* CGImagePropertyOrientation+UIImageOrientation.swift */,
				E577858A20C005DE0033DC18 /* DataController.swift */,
				E5F8E1B020AE9EAD00D5FC18 /* Main.storyboard */,
				E577855F20BFD51D0033DC18 /* ARInfoViewController.swift */,
				E57C227D20B3068000A9ADB0 /* ARViewController.swift */,
				E57C227F20B3077500A9ADB0 /* StatusViewController.swift */,
				E5959E5620BD67520079E700 /* OurCars.mlmodel */,
				E5F8E1B820AE9EAE00D5FC18 /* Info.plist */,
			);
			path = carcar;
			sourceTree = "<group>";
		};
		E5F8E1C020AE9EAE00D5FC18 /* carcarTests */ = {
			isa = PBXGroup;
			children = (
				E5F8E1C120AE9EAE00D5FC18 /* carcarTests.swift */,
				E5F8E1C320AE9EAE00D5FC18 /* Info.plist */,
			);
			path = carcarTests;
			sourceTree = "<group>";
		};
		E5F8E1CC20AE9F2000D5FC18 /* Supporting Files */ = {
			isa = PBXGroup;
			children = (
				E577856520BFE7030033DC18 /* carthumbnail */,
				E5F8E1CD20AE9F2000D5FC18 /* home.png */,
				E547EC6220B2D6BD009B090B /* noImage.png */,
				E577858820BFF33D0033DC18 /* carinfo.png */,
				E5F8E1B320AE9EAE00D5FC18 /* Assets.xcassets */,
				E5F8E1B520AE9EAE00D5FC18 /* LaunchScreen.storyboard */,
			);
			path = "Supporting Files";
			sourceTree = "<group>";
		};
/* End PBXGroup section */

/* Begin PBXNativeTarget section */
		E5F8E1A820AE9EAD00D5FC18 /* carcar */ = {
			isa = PBXNativeTarget;
			buildConfigurationList = E5F8E1C620AE9EAE00D5FC18 /* Build configuration list for PBXNativeTarget "carcar" */;
			buildPhases = (
				E5F8E1A520AE9EAD00D5FC18 /* Sources */,
				E5F8E1A620AE9EAD00D5FC18 /* Frameworks */,
				E5F8E1A720AE9EAD00D5FC18 /* Resources */,
			);
			buildRules = (
			);
			dependencies = (
			);
			name = carcar;
			productName = carcar;
			productReference = E5F8E1A920AE9EAD00D5FC18 /* carcar.app */;
			productType = "com.apple.product-type.application";
		};
		E5F8E1BC20AE9EAE00D5FC18 /* carcarTests */ = {
			isa = PBXNativeTarget;
			buildConfigurationList = E5F8E1C920AE9EAE00D5FC18 /* Build configuration list for PBXNativeTarget "carcarTests" */;
			buildPhases = (
				E5F8E1B920AE9EAE00D5FC18 /* Sources */,
				E5F8E1BA20AE9EAE00D5FC18 /* Frameworks */,
				E5F8E1BB20AE9EAE00D5FC18 /* Resources */,
			);
			buildRules = (
			);
			dependencies = (
				E5F8E1BF20AE9EAE00D5FC18 /* PBXTargetDependency */,
			);
			name = carcarTests;
			productName = carcarTests;
			productReference = E5F8E1BD20AE9EAE00D5FC18 /* carcarTests.xctest */;
			productType = "com.apple.product-type.bundle.unit-test";
		};
/* End PBXNativeTarget section */

/* Begin PBXProject section */
		E5F8E1A120AE9EAD00D5FC18 /* Project object */ = {
			isa = PBXProject;
			attributes = {
				LastSwiftUpdateCheck = 0930;
				LastUpgradeCheck = 0930;
				ORGANIZATIONNAME = MacMorning;
				TargetAttributes = {
					E5F8E1A820AE9EAD00D5FC18 = {
						CreatedOnToolsVersion = 9.3.1;
						LastSwiftMigration = 0930;
					};
					E5F8E1BC20AE9EAE00D5FC18 = {
						CreatedOnToolsVersion = 9.3.1;
						TestTargetID = E5F8E1A820AE9EAD00D5FC18;
					};
				};
			};
			buildConfigurationList = E5F8E1A420AE9EAD00D5FC18 /* Build configuration list for PBXProject "carcar" */;
			compatibilityVersion = "Xcode 9.3";
			developmentRegion = en;
			hasScannedForEncodings = 0;
			knownRegions = (
				en,
				Base,
			);
			mainGroup = E5F8E1A020AE9EAD00D5FC18;
			productRefGroup = E5F8E1AA20AE9EAD00D5FC18 /* Products */;
			projectDirPath = "";
			projectRoot = "";
			targets = (
				E5F8E1A820AE9EAD00D5FC18 /* carcar */,
				E5F8E1BC20AE9EAE00D5FC18 /* carcarTests */,
			);
		};
/* End PBXProject section */

/* Begin PBXResourcesBuildPhase section */
		E5F8E1A720AE9EAD00D5FC18 /* Resources */ = {
			isa = PBXResourcesBuildPhase;
			buildActionMask = 2147483647;
			files = (
				E577858D20C032D90033DC18 /* cars.db in Resources */,
				E577858920BFF33D0033DC18 /* carinfo.png in Resources */,
				E577857E20BFE74F0033DC18 /* volkswagen_tiguan.png in Resources */,
				E5F8E1CE20AE9F2000D5FC18 /* home.png in Resources */,
				E577857F20BFE74F0033DC18 /* kia_allnewmorning.png in Resources */,
				E577857D20BFE74F0033DC18 /* toyota_sienna.png in Resources */,
				E577857720BFE74F0033DC18 /* mini_countryman.png in Resources */,
				E577858120BFE74F0033DC18 /* hyundai_kona.png in Resources */,
				E577858220BFE74F0033DC18 /* bmw_i8.png in Resources */,
				E577857820BFE74F0033DC18 /* benz_eclass.png in Resources */,
				E577857A20BFE74F0033DC18 /* volkswagen_passat.png in Resources */,
				E57C228720B30A3F00A9ADB0 /* LabelScene.sks in Resources */,
				E577857620BFE74F0033DC18 /* benz_gls.png in Resources */,
				E577858020BFE74F0033DC18 /* toyota_camry.png in Resources */,
				E577858420BFE74F0033DC18 /* mini_hatch.png in Resources */,
				E5F8E1B720AE9EAE00D5FC18 /* LaunchScreen.storyboard in Resources */,
				E577858520BFE74F0033DC18 /* audi_q7.png in Resources */,
				E577857B20BFE74F0033DC18 /* audi_a6.png in Resources */,
				E547EC6320B2D6BD009B090B /* noImage.png in Resources */,
				E577857C20BFE74F0033DC18 /* bmw_i3.png in Resources */,
				E5F8E1B420AE9EAE00D5FC18 /* Assets.xcassets in Resources */,
				E577858320BFE74F0033DC18 /* hyundai_veloster.png in Resources */,
				E577857920BFE74F0033DC18 /* kia_k9.png in Resources */,
				E5F8E1B220AE9EAD00D5FC18 /* Main.storyboard in Resources */,
			);
			runOnlyForDeploymentPostprocessing = 0;
		};
		E5F8E1BB20AE9EAE00D5FC18 /* Resources */ = {
			isa = PBXResourcesBuildPhase;
			buildActionMask = 2147483647;
			files = (
			);
			runOnlyForDeploymentPostprocessing = 0;
		};
/* End PBXResourcesBuildPhase section */

/* Begin PBXSourcesBuildPhase section */
		E5F8E1A520AE9EAD00D5FC18 /* Sources */ = {
			isa = PBXSourcesBuildPhase;
			buildActionMask = 2147483647;
			files = (
				E5959E5720BD67530079E700 /* OurCars.mlmodel in Sources */,
				E57C228020B3077500A9ADB0 /* StatusViewController.swift in Sources */,
				E577855720BEEF5D0033DC18 /* FMResultSet.m in Sources */,
				E577856020BFD51D0033DC18 /* ARInfoViewController.swift in Sources */,
				E577855620BEEF5D0033DC18 /* FMDatabase.m in Sources */,
				E57C227E20B3068000A9ADB0 /* ARViewController.swift in Sources */,
				E547EC5520B2B910009B090B /* CGImagePropertyOrientation+UIImageOrientation.swift in Sources */,
				E577858B20C005DE0033DC18 /* DataController.swift in Sources */,
				E5F8E1AF20AE9EAD00D5FC18 /* ViewController.swift in Sources */,
				E577855820BEEF5D0033DC18 /* FMDatabasePool.m in Sources */,
				E57C228520B30A3F00A9ADB0 /* TemplateLabelNode.swift in Sources */,
				E5F8E1AD20AE9EAD00D5FC18 /* AppDelegate.swift in Sources */,
				E5F8E1D020AE9F4A00D5FC18 /* UIButton.swift in Sources */,
				E577855420BEEF5D0033DC18 /* FMDatabaseQueue.m in Sources */,
				E57C228620B30A3F00A9ADB0 /* Utilities.swift in Sources */,
				E547EC5720B2B917009B090B /* ImageClassificationViewController.swift in Sources */,
				E577855520BEEF5D0033DC18 /* FMDatabaseAdditions.m in Sources */,
			);
			runOnlyForDeploymentPostprocessing = 0;
		};
		E5F8E1B920AE9EAE00D5FC18 /* Sources */ = {
			isa = PBXSourcesBuildPhase;
			buildActionMask = 2147483647;
			files = (
				E5F8E1C220AE9EAE00D5FC18 /* carcarTests.swift in Sources */,
			);
			runOnlyForDeploymentPostprocessing = 0;
		};
/* End PBXSourcesBuildPhase section */

/* Begin PBXTargetDependency section */
		E5F8E1BF20AE9EAE00D5FC18 /* PBXTargetDependency */ = {
			isa = PBXTargetDependency;
			target = E5F8E1A820AE9EAD00D5FC18 /* carcar */;
			targetProxy = E5F8E1BE20AE9EAE00D5FC18 /* PBXContainerItemProxy */;
		};
/* End PBXTargetDependency section */

/* Begin PBXVariantGroup section */
		E5F8E1B020AE9EAD00D5FC18 /* Main.storyboard */ = {
			isa = PBXVariantGroup;
			children = (
				E5F8E1B120AE9EAD00D5FC18 /* Base */,
			);
			name = Main.storyboard;
			sourceTree = "<group>";
		};
		E5F8E1B520AE9EAE00D5FC18 /* LaunchScreen.storyboard */ = {
			isa = PBXVariantGroup;
			children = (
				E5F8E1B620AE9EAE00D5FC18 /* Base */,
			);
			name = LaunchScreen.storyboard;
			sourceTree = "<group>";
		};
/* End PBXVariantGroup section */

/* Begin XCBuildConfiguration section */
		E5F8E1C420AE9EAE00D5FC18 /* Debug */ = {
			isa = XCBuildConfiguration;
			buildSettings = {
				ALWAYS_SEARCH_USER_PATHS = NO;
				CLANG_ANALYZER_NONNULL = YES;
				CLANG_ANALYZER_NUMBER_OBJECT_CONVERSION = YES_AGGRESSIVE;
				CLANG_CXX_LANGUAGE_STANDARD = "gnu++14";
				CLANG_CXX_LIBRARY = "libc++";
				CLANG_ENABLE_MODULES = YES;
				CLANG_ENABLE_OBJC_ARC = YES;
				CLANG_ENABLE_OBJC_WEAK = YES;
				CLANG_WARN_BLOCK_CAPTURE_AUTORELEASING = YES;
				CLANG_WARN_BOOL_CONVERSION = YES;
				CLANG_WARN_COMMA = YES;
				CLANG_WARN_CONSTANT_CONVERSION = YES;
				CLANG_WARN_DEPRECATED_OBJC_IMPLEMENTATIONS = YES;
				CLANG_WARN_DIRECT_OBJC_ISA_USAGE = YES_ERROR;
				CLANG_WARN_DOCUMENTATION_COMMENTS = YES;
				CLANG_WARN_EMPTY_BODY = YES;
				CLANG_WARN_ENUM_CONVERSION = YES;
				CLANG_WARN_INFINITE_RECURSION = YES;
				CLANG_WARN_INT_CONVERSION = YES;
				CLANG_WARN_NON_LITERAL_NULL_CONVERSION = YES;
				CLANG_WARN_OBJC_IMPLICIT_RETAIN_SELF = YES;
				CLANG_WARN_OBJC_LITERAL_CONVERSION = YES;
				CLANG_WARN_OBJC_ROOT_CLASS = YES_ERROR;
				CLANG_WARN_RANGE_LOOP_ANALYSIS = YES;
				CLANG_WARN_STRICT_PROTOTYPES = YES;
				CLANG_WARN_SUSPICIOUS_MOVE = YES;
				CLANG_WARN_UNGUARDED_AVAILABILITY = YES_AGGRESSIVE;
				CLANG_WARN_UNREACHABLE_CODE = YES;
				CLANG_WARN__DUPLICATE_METHOD_MATCH = YES;
				CODE_SIGN_IDENTITY = "iPhone Developer";
				COPY_PHASE_STRIP = NO;
				DEBUG_INFORMATION_FORMAT = dwarf;
				ENABLE_STRICT_OBJC_MSGSEND = YES;
				ENABLE_TESTABILITY = YES;
				GCC_C_LANGUAGE_STANDARD = gnu11;
				GCC_DYNAMIC_NO_PIC = NO;
				GCC_NO_COMMON_BLOCKS = YES;
				GCC_OPTIMIZATION_LEVEL = 0;
				GCC_PREPROCESSOR_DEFINITIONS = (
					"DEBUG=1",
					"$(inherited)",
				);
				GCC_WARN_64_TO_32_BIT_CONVERSION = YES;
				GCC_WARN_ABOUT_RETURN_TYPE = YES_ERROR;
				GCC_WARN_UNDECLARED_SELECTOR = YES;
				GCC_WARN_UNINITIALIZED_AUTOS = YES_AGGRESSIVE;
				GCC_WARN_UNUSED_FUNCTION = YES;
				GCC_WARN_UNUSED_VARIABLE = YES;
				IPHONEOS_DEPLOYMENT_TARGET = 11.3;
				MTL_ENABLE_DEBUG_INFO = YES;
				ONLY_ACTIVE_ARCH = YES;
				SDKROOT = iphoneos;
				SWIFT_ACTIVE_COMPILATION_CONDITIONS = DEBUG;
				SWIFT_OPTIMIZATION_LEVEL = "-Onone";
			};
			name = Debug;
		};
		E5F8E1C520AE9EAE00D5FC18 /* Release */ = {
			isa = XCBuildConfiguration;
			buildSettings = {
				ALWAYS_SEARCH_USER_PATHS = NO;
				CLANG_ANALYZER_NONNULL = YES;
				CLANG_ANALYZER_NUMBER_OBJECT_CONVERSION = YES_AGGRESSIVE;
				CLANG_CXX_LANGUAGE_STANDARD = "gnu++14";
				CLANG_CXX_LIBRARY = "libc++";
				CLANG_ENABLE_MODULES = YES;
				CLANG_ENABLE_OBJC_ARC = YES;
				CLANG_ENABLE_OBJC_WEAK = YES;
				CLANG_WARN_BLOCK_CAPTURE_AUTORELEASING = YES;
				CLANG_WARN_BOOL_CONVERSION = YES;
				CLANG_WARN_COMMA = YES;
				CLANG_WARN_CONSTANT_CONVERSION = YES;
				CLANG_WARN_DEPRECATED_OBJC_IMPLEMENTATIONS = YES;
				CLANG_WARN_DIRECT_OBJC_ISA_USAGE = YES_ERROR;
				CLANG_WARN_DOCUMENTATION_COMMENTS = YES;
				CLANG_WARN_EMPTY_BODY = YES;
				CLANG_WARN_ENUM_CONVERSION = YES;
				CLANG_WARN_INFINITE_RECURSION = YES;
				CLANG_WARN_INT_CONVERSION = YES;
				CLANG_WARN_NON_LITERAL_NULL_CONVERSION = YES;
				CLANG_WARN_OBJC_IMPLICIT_RETAIN_SELF = YES;
				CLANG_WARN_OBJC_LITERAL_CONVERSION = YES;
				CLANG_WARN_OBJC_ROOT_CLASS = YES_ERROR;
				CLANG_WARN_RANGE_LOOP_ANALYSIS = YES;
				CLANG_WARN_STRICT_PROTOTYPES = YES;
				CLANG_WARN_SUSPICIOUS_MOVE = YES;
				CLANG_WARN_UNGUARDED_AVAILABILITY = YES_AGGRESSIVE;
				CLANG_WARN_UNREACHABLE_CODE = YES;
				CLANG_WARN__DUPLICATE_METHOD_MATCH = YES;
				CODE_SIGN_IDENTITY = "iPhone Developer";
				COPY_PHASE_STRIP = NO;
				DEBUG_INFORMATION_FORMAT = "dwarf-with-dsym";
				ENABLE_NS_ASSERTIONS = NO;
				ENABLE_STRICT_OBJC_MSGSEND = YES;
				GCC_C_LANGUAGE_STANDARD = gnu11;
				GCC_NO_COMMON_BLOCKS = YES;
				GCC_WARN_64_TO_32_BIT_CONVERSION = YES;
				GCC_WARN_ABOUT_RETURN_TYPE = YES_ERROR;
				GCC_WARN_UNDECLARED_SELECTOR = YES;
				GCC_WARN_UNINITIALIZED_AUTOS = YES_AGGRESSIVE;
				GCC_WARN_UNUSED_FUNCTION = YES;
				GCC_WARN_UNUSED_VARIABLE = YES;
				IPHONEOS_DEPLOYMENT_TARGET = 11.3;
				MTL_ENABLE_DEBUG_INFO = NO;
				SDKROOT = iphoneos;
				SWIFT_COMPILATION_MODE = wholemodule;
				SWIFT_OPTIMIZATION_LEVEL = "-O";
				VALIDATE_PRODUCT = YES;
			};
			name = Release;
		};
		E5F8E1C720AE9EAE00D5FC18 /* Debug */ = {
			isa = XCBuildConfiguration;
			buildSettings = {
				ASSETCATALOG_COMPILER_APPICON_NAME = AppIcon;
				CLANG_ENABLE_MODULES = YES;
				CODE_SIGN_STYLE = Automatic;
				DEVELOPMENT_TEAM = U3PL3YN84V;
				INFOPLIST_FILE = carcar/Info.plist;
				LD_RUNPATH_SEARCH_PATHS = (
					"$(inherited)",
					"@executable_path/Frameworks",
				);
				PRODUCT_BUNDLE_IDENTIFIER = askyox7595;
				PRODUCT_NAME = "$(TARGET_NAME)";
				SWIFT_OBJC_BRIDGING_HEADER = "carcar/db/carcar-Bridging-Header.h";
				SWIFT_OPTIMIZATION_LEVEL = "-Onone";
				SWIFT_VERSION = 4.0;
				TARGETED_DEVICE_FAMILY = "1,2";
			};
			name = Debug;
		};
		E5F8E1C820AE9EAE00D5FC18 /* Release */ = {
			isa = XCBuildConfiguration;
			buildSettings = {
				ASSETCATALOG_COMPILER_APPICON_NAME = AppIcon;
				CLANG_ENABLE_MODULES = YES;
				CODE_SIGN_STYLE = Automatic;
				DEVELOPMENT_TEAM = U3PL3YN84V;
				INFOPLIST_FILE = carcar/Info.plist;
				LD_RUNPATH_SEARCH_PATHS = (
					"$(inherited)",
					"@executable_path/Frameworks",
				);
				PRODUCT_BUNDLE_IDENTIFIER = askyox7595;
				PRODUCT_NAME = "$(TARGET_NAME)";
				SWIFT_OBJC_BRIDGING_HEADER = "carcar/db/carcar-Bridging-Header.h";
				SWIFT_VERSION = 4.0;
				TARGETED_DEVICE_FAMILY = "1,2";
			};
			name = Release;
		};
		E5F8E1CA20AE9EAE00D5FC18 /* Debug */ = {
			isa = XCBuildConfiguration;
			buildSettings = {
				ALWAYS_EMBED_SWIFT_STANDARD_LIBRARIES = YES;
				BUNDLE_LOADER = "$(TEST_HOST)";
				CODE_SIGN_STYLE = Automatic;
				INFOPLIST_FILE = carcarTests/Info.plist;
				LD_RUNPATH_SEARCH_PATHS = (
					"$(inherited)",
					"@executable_path/Frameworks",
					"@loader_path/Frameworks",
				);
				PRODUCT_BUNDLE_IDENTIFIER = macmorning.carcarTests;
				PRODUCT_NAME = "$(TARGET_NAME)";
				SWIFT_VERSION = 4.0;
				TARGETED_DEVICE_FAMILY = "1,2";
				TEST_HOST = "$(BUILT_PRODUCTS_DIR)/carcar.app/carcar";
			};
			name = Debug;
		};
		E5F8E1CB20AE9EAE00D5FC18 /* Release */ = {
			isa = XCBuildConfiguration;
			buildSettings = {
				ALWAYS_EMBED_SWIFT_STANDARD_LIBRARIES = YES;
				BUNDLE_LOADER = "$(TEST_HOST)";
				CODE_SIGN_STYLE = Automatic;
				INFOPLIST_FILE = carcarTests/Info.plist;
				LD_RUNPATH_SEARCH_PATHS = (
					"$(inherited)",
					"@executable_path/Frameworks",
					"@loader_path/Frameworks",
				);
				PRODUCT_BUNDLE_IDENTIFIER = macmorning.carcarTests;
				PRODUCT_NAME = "$(TARGET_NAME)";
				SWIFT_VERSION = 4.0;
				TARGETED_DEVICE_FAMILY = "1,2";
				TEST_HOST = "$(BUILT_PRODUCTS_DIR)/carcar.app/carcar";
			};
			name = Release;
		};
/* End XCBuildConfiguration section */

/* Begin XCConfigurationList section */
		E5F8E1A420AE9EAD00D5FC18 /* Build configuration list for PBXProject "carcar" */ = {
			isa = XCConfigurationList;
			buildConfigurations = (
				E5F8E1C420AE9EAE00D5FC18 /* Debug */,
				E5F8E1C520AE9EAE00D5FC18 /* Release */,
			);
			defaultConfigurationIsVisible = 0;
			defaultConfigurationName = Release;
		};
		E5F8E1C620AE9EAE00D5FC18 /* Build configuration list for PBXNativeTarget "carcar" */ = {
			isa = XCConfigurationList;
			buildConfigurations = (
				E5F8E1C720AE9EAE00D5FC18 /* Debug */,
				E5F8E1C820AE9EAE00D5FC18 /* Release */,
			);
			defaultConfigurationIsVisible = 0;
			defaultConfigurationName = Release;
		};
		E5F8E1C920AE9EAE00D5FC18 /* Build configuration list for PBXNativeTarget "carcarTests" */ = {
			isa = XCConfigurationList;
			buildConfigurations = (
				E5F8E1CA20AE9EAE00D5FC18 /* Debug */,
				E5F8E1CB20AE9EAE00D5FC18 /* Release */,
			);
			defaultConfigurationIsVisible = 0;
			defaultConfigurationName = Release;
		};
/* End XCConfigurationList section */
	};
	rootObject = E5F8E1A120AE9EAD00D5FC18 /* Project object */;
}
